
Microsoft Visual Studio Solution File, Format Version 12.00
# Visual Studio Version 17
VisualStudioVersion = 17.12.35527.113 d17.12
MinimumVisualStudioVersion = 10.0.40219.1
Project("{FAE04EC0-301F-11D3-BF4B-00C04F79EFBC}") = "Assignment 02", "Assignment 02\Assignment 02.csproj", "{92DB0B78-97B6-4A57-84E6-751DF6BBC723}"
EndProject
Global
	GlobalSection(SolutionConfigurationPlatforms) = preSolution
		Debug|Any CPU = Debug|Any CPU
		Release|Any CPU = Release|Any CPU
	EndGlobalSection
	GlobalSection(ProjectConfigurationPlatforms) = postSolution
		{92DB0B78-97B6-4A57-84E6-751DF6BBC723}.Debug|Any CPU.ActiveCfg = Debug|Any CPU
		{92DB0B78-97B6-4A57-84E6-751DF6BBC723}.Debug|Any CPU.Build.0 = Debug|Any CPU
		{92DB0B78-97B6-4A57-84E6-751DF6BBC723}.Release|Any CPU.ActiveCfg = Release|Any CPU
		{92DB0B78-97B6-4A57-84E6-751DF6BBC723}.Release|Any CPU.Build.0 = Release|Any CPU
	EndGlobalSection
	GlobalSection(SolutionProperties) = preSolution
		HideSolutionNode = FALSE
	EndGlobalSection
EndGlobal
